
Microsoft Visual Studio Solution File, Format Version 12.00
# Visual Studio Version 16
VisualStudioVersion = 16.0.32002.261
MinimumVisualStudioVersion = 10.0.40219.1
Project("{FAE04EC0-301F-11D3-BF4B-00C04F79EFBC}") = "MovieDatabase", "MovieDatabase\MovieDatabase.csproj", "{A2DC7EE2-B4AC-468C-A48B-6CFC1E8236F3}"
EndProject
Global
	GlobalSection(SolutionConfigurationPlatforms) = preSolution
		Debug|Any CPU = Debug|Any CPU
		Release|Any CPU = Release|Any CPU
	EndGlobalSection
	GlobalSection(ProjectConfigurationPlatforms) = postSolution
		{A2DC7EE2-B4AC-468C-A48B-6CFC1E8236F3}.Debug|Any CPU.ActiveCfg = Debug|Any CPU
		{A2DC7EE2-B4AC-468C-A48B-6CFC1E8236F3}.Debug|Any CPU.Build.0 = Debug|Any CPU
		{A2DC7EE2-B4AC-468C-A48B-6CFC1E8236F3}.Release|Any CPU.ActiveCfg = Release|Any CPU
		{A2DC7EE2-B4AC-468C-A48B-6CFC1E8236F3}.Release|Any CPU.Build.0 = Release|Any CPU
	EndGlobalSection
	GlobalSection(SolutionProperties) = preSolution
		HideSolutionNode = FALSE
	EndGlobalSection
	GlobalSection(ExtensibilityGlobals) = postSolution
		SolutionGuid = {E10E0C29-C3CA-4B06-96D7-041CC469523D}
	EndGlobalSection
EndGlobal
